
Microsoft Visual Studio Solution File, Format Version 12.00
# Visual Studio 16
Project("{8BC9CEB8-8B4A-11D0-8D11-00A0C91BC942}") = "RuntimeCompiling", "RuntimeCompiling\RuntimeCompiling.vcxproj", "{EB2F29E8-D728-483A-005B-2DBFECB22746}"
EndProject
Project("{8BC9CEB8-8B4A-11D0-8D11-00A0C91BC942}") = "msvc", "Samples\msvc.vcxproj", "{9ECD9A7C-8A04-9C0D-33F1-81101F07180F}"
EndProject
Global
	GlobalSection(SolutionConfigurationPlatforms) = preSolution
		Debug|x64 = Debug|x64
		Release|x64 = Release|x64
	EndGlobalSection
	GlobalSection(ProjectConfigurationPlatforms) = postSolution
		{EB2F29E8-D728-483A-005B-2DBFECB22746}.Debug|x64.ActiveCfg = Debug|x64
		{EB2F29E8-D728-483A-005B-2DBFECB22746}.Debug|x64.Build.0 = Debug|x64
		{EB2F29E8-D728-483A-005B-2DBFECB22746}.Release|x64.ActiveCfg = Release|x64
		{EB2F29E8-D728-483A-005B-2DBFECB22746}.Release|x64.Build.0 = Release|x64
		{9ECD9A7C-8A04-9C0D-33F1-81101F07180F}.Debug|x64.ActiveCfg = Debug|x64
		{9ECD9A7C-8A04-9C0D-33F1-81101F07180F}.Debug|x64.Build.0 = Debug|x64
		{9ECD9A7C-8A04-9C0D-33F1-81101F07180F}.Release|x64.ActiveCfg = Release|x64
		{9ECD9A7C-8A04-9C0D-33F1-81101F07180F}.Release|x64.Build.0 = Release|x64
	EndGlobalSection
	GlobalSection(SolutionProperties) = preSolution
		HideSolutionNode = FALSE
	EndGlobalSection
EndGlobal
