<?xml version="1.0" encoding="utf-8"?>
<Project ToolsVersion="4.0" xmlns="http://schemas.microsoft.com/developer/msbuild/2003">
  <ItemGroup>
    <Filter Include="Framework">
      <UniqueIdentifier>{1362EE31-7FCC-A2A8-C80A-544E34B480FD}</UniqueIdentifier>
    </Filter>
  </ItemGroup>
  <ItemGroup>
    <ClInclude Include="Source\Framework\CPP_Script.h">
      <Filter>Framework</Filter>
    </ClInclude>
    <ClInclude Include="Source\Framework\File_System.h">
      <Filter>Framework</Filter>
    </ClInclude>
    <ClInclude Include="Source\Framework\Script_Engine.h">
      <Filter>Framework</Filter>
    </ClInclude>
    <ClInclude Include="Source\stdafx.h" />
    <ClInclude Include="Source\Application\Actor_Base.h" />
    <ClInclude Include="Source\Framework\Script_Symbol_FnPtrs.h" />
  </ItemGroup>
  <ItemGroup>
    <ClCompile Include="Source\Entry_Point.cpp" />
    <ClCompile Include="Source\Framework\Script_Engine.cpp">
      <Filter>Framework</Filter>
    </ClCompile>
    <ClCompile Include="Source\stdafx.cpp" />
    <ClCompile Include="Source\Framework\CPP_Script.cpp" />
  </ItemGroup>
</Project>